// !$*UTF8*$!
{
	archiveVersion = 1;
	classes = {
	};
	objectVersion = 48;
	objects = {

/* Begin PBXBuildFile section */
		345F9BCE206C3EDC0003A725 /* GoogleService-Info.plist in Resources */ = {isa = PBXBuildFile; fileRef = 345F9BCD206C3EDC0003A725 /* GoogleService-Info.plist */; };
		A89450BA2071684800949948 /* Member.swift in Sources */ = {isa = PBXBuildFile; fileRef = A89450B92071684800949948 /* Member.swift */; };
		A89450BC2071691600949948 /* Utils.swift in Sources */ = {isa = PBXBuildFile; fileRef = A89450BB2071691600949948 /* Utils.swift */; };
		A89450BE2071698800949948 /* Trip.swift in Sources */ = {isa = PBXBuildFile; fileRef = A89450BD2071698800949948 /* Trip.swift */; };
		A89450C020716BA400949948 /* Date+.swift in Sources */ = {isa = PBXBuildFile; fileRef = A89450BF20716BA400949948 /* Date+.swift */; };
		A8B0724B2069EB910084546D /* AppDelegate.swift in Sources */ = {isa = PBXBuildFile; fileRef = A8B0724A2069EB910084546D /* AppDelegate.swift */; };
		A8B0724D2069EB910084546D /* MainController.swift in Sources */ = {isa = PBXBuildFile; fileRef = A8B0724C2069EB910084546D /* MainController.swift */; };
		A8B072502069EB910084546D /* Main.storyboard in Resources */ = {isa = PBXBuildFile; fileRef = A8B0724E2069EB910084546D /* Main.storyboard */; };
		A8B072522069EB910084546D /* Assets.xcassets in Resources */ = {isa = PBXBuildFile; fileRef = A8B072512069EB910084546D /* Assets.xcassets */; };
		A8B072552069EB910084546D /* LaunchScreen.storyboard in Resources */ = {isa = PBXBuildFile; fileRef = A8B072532069EB910084546D /* LaunchScreen.storyboard */; };
		A8B072612069ECD70084546D /* SUNN.otf in Resources */ = {isa = PBXBuildFile; fileRef = A8B072602069ECD70084546D /* SUNN.otf */; };
		A8B072632069ECF00084546D /* PaneuropaNeueRegular.otf in Resources */ = {isa = PBXBuildFile; fileRef = A8B072622069ECF00084546D /* PaneuropaNeueRegular.otf */; };
		C2F0223D0F401AF660FCFA98 /* Pods_TrailTracker.framework in Frameworks */ = {isa = PBXBuildFile; fileRef = 14692E58D7222312F85B14BD /* Pods_TrailTracker.framework */; };
/* End PBXBuildFile section */

/* Begin PBXFileReference section */
		14692E58D7222312F85B14BD /* Pods_TrailTracker.framework */ = {isa = PBXFileReference; explicitFileType = wrapper.framework; includeInIndex = 0; path = Pods_TrailTracker.framework; sourceTree = BUILT_PRODUCTS_DIR; };
		345F9BCD206C3EDC0003A725 /* GoogleService-Info.plist */ = {isa = PBXFileReference; fileEncoding = 4; lastKnownFileType = text.plist.xml; path = "GoogleService-Info.plist"; sourceTree = "<group>"; };
		45E07772B75B0DB72E6D0D6E /* Pods-TrailTracker.release.xcconfig */ = {isa = PBXFileReference; includeInIndex = 1; lastKnownFileType = text.xcconfig; name = "Pods-TrailTracker.release.xcconfig"; path = "Pods/Target Support Files/Pods-TrailTracker/Pods-TrailTracker.release.xcconfig"; sourceTree = "<group>"; };
		A89450B92071684800949948 /* Member.swift */ = {isa = PBXFileReference; lastKnownFileType = sourcecode.swift; path = Member.swift; sourceTree = "<group>"; };
		A89450BB2071691600949948 /* Utils.swift */ = {isa = PBXFileReference; lastKnownFileType = sourcecode.swift; path = Utils.swift; sourceTree = "<group>"; };
		A89450BD2071698800949948 /* Trip.swift */ = {isa = PBXFileReference; lastKnownFileType = sourcecode.swift; path = Trip.swift; sourceTree = "<group>"; };
		A89450BF20716BA400949948 /* Date+.swift */ = {isa = PBXFileReference; lastKnownFileType = sourcecode.swift; path = "Date+.swift"; sourceTree = "<group>"; };
		A8B072472069EB910084546D /* TrailTracker.app */ = {isa = PBXFileReference; explicitFileType = wrapper.application; includeInIndex = 0; path = TrailTracker.app; sourceTree = BUILT_PRODUCTS_DIR; };
		A8B0724A2069EB910084546D /* AppDelegate.swift */ = {isa = PBXFileReference; lastKnownFileType = sourcecode.swift; path = AppDelegate.swift; sourceTree = "<group>"; };
		A8B0724C2069EB910084546D /* MainController.swift */ = {isa = PBXFileReference; lastKnownFileType = sourcecode.swift; path = MainController.swift; sourceTree = "<group>"; };
		A8B0724F2069EB910084546D /* Base */ = {isa = PBXFileReference; lastKnownFileType = file.storyboard; name = Base; path = Base.lproj/Main.storyboard; sourceTree = "<group>"; };
		A8B072512069EB910084546D /* Assets.xcassets */ = {isa = PBXFileReference; lastKnownFileType = folder.assetcatalog; path = Assets.xcassets; sourceTree = "<group>"; };
		A8B072542069EB910084546D /* Base */ = {isa = PBXFileReference; lastKnownFileType = file.storyboard; name = Base; path = Base.lproj/LaunchScreen.storyboard; sourceTree = "<group>"; };
		A8B072562069EB910084546D /* Info.plist */ = {isa = PBXFileReference; lastKnownFileType = text.plist.xml; path = Info.plist; sourceTree = "<group>"; };
		A8B072602069ECD70084546D /* SUNN.otf */ = {isa = PBXFileReference; lastKnownFileType = file; path = SUNN.otf; sourceTree = "<group>"; };
		A8B072622069ECF00084546D /* PaneuropaNeueRegular.otf */ = {isa = PBXFileReference; lastKnownFileType = file; path = PaneuropaNeueRegular.otf; sourceTree = "<group>"; };
		F4194C9F05F65DF62F820500 /* Pods-TrailTracker.debug.xcconfig */ = {isa = PBXFileReference; includeInIndex = 1; lastKnownFileType = text.xcconfig; name = "Pods-TrailTracker.debug.xcconfig"; path = "Pods/Target Support Files/Pods-TrailTracker/Pods-TrailTracker.debug.xcconfig"; sourceTree = "<group>"; };
/* End PBXFileReference section */

/* Begin PBXFrameworksBuildPhase section */
		A8B072442069EB910084546D /* Frameworks */ = {
			isa = PBXFrameworksBuildPhase;
			buildActionMask = 2147483647;
			files = (
				C2F0223D0F401AF660FCFA98 /* Pods_TrailTracker.framework in Frameworks */,
			);
			runOnlyForDeploymentPostprocessing = 0;
		};
/* End PBXFrameworksBuildPhase section */

/* Begin PBXGroup section */
		190C4C49D0846162751B877D /* Frameworks */ = {
			isa = PBXGroup;
			children = (
				14692E58D7222312F85B14BD /* Pods_TrailTracker.framework */,
			);
			name = Frameworks;
			sourceTree = "<group>";
		};
		1DD2C0260310D1322826600D /* Pods */ = {
			isa = PBXGroup;
			children = (
				F4194C9F05F65DF62F820500 /* Pods-TrailTracker.debug.xcconfig */,
				45E07772B75B0DB72E6D0D6E /* Pods-TrailTracker.release.xcconfig */,
			);
			name = Pods;
			sourceTree = "<group>";
		};
		A89450B8207165D300949948 /* Models */ = {
			isa = PBXGroup;
			children = (
				A89450B92071684800949948 /* Member.swift */,
				A89450BD2071698800949948 /* Trip.swift */,
			);
			path = Models;
			sourceTree = "<group>";
		};
		A8B0723E2069EB910084546D = {
			isa = PBXGroup;
			children = (
				A8B072482069EB910084546D /* Products */,
				1DD2C0260310D1322826600D /* Pods */,
				190C4C49D0846162751B877D /* Frameworks */,
				A8B072492069EB910084546D /* TrailTracker */,
			);
			sourceTree = "<group>";
		};
		A8B072482069EB910084546D /* Products */ = {
			isa = PBXGroup;
			children = (
				A8B072472069EB910084546D /* TrailTracker.app */,
			);
			name = Products;
			sourceTree = "<group>";
		};
		A8B072492069EB910084546D /* TrailTracker */ = {
			isa = PBXGroup;
			children = (
				A8B0724A2069EB910084546D /* AppDelegate.swift */,
				A8B072562069EB910084546D /* Info.plist */,
				345F9BCD206C3EDC0003A725 /* GoogleService-Info.plist */,
				A8B072512069EB910084546D /* Assets.xcassets */,
				A8B0725F2069EC320084546D /* Resources */,
				A8B0725E2069EBFC0084546D /* Utilities */,
				A8B0725C2069EBF10084546D /* Storyboards */,
				A8B0725D2069EBF60084546D /* View Controllers */,
				A89450B8207165D300949948 /* Models */,
			);
			path = TrailTracker;
			sourceTree = "<group>";
		};
		A8B0725C2069EBF10084546D /* Storyboards */ = {
			isa = PBXGroup;
			children = (
				A8B072532069EB910084546D /* LaunchScreen.storyboard */,
				A8B0724E2069EB910084546D /* Main.storyboard */,
			);
			path = Storyboards;
			sourceTree = "<group>";
		};
		A8B0725D2069EBF60084546D /* View Controllers */ = {
			isa = PBXGroup;
			children = (
				A8B0724C2069EB910084546D /* MainController.swift */,
			);
			path = "View Controllers";
			sourceTree = "<group>";
		};
		A8B0725E2069EBFC0084546D /* Utilities */ = {
			isa = PBXGroup;
			children = (
				A89450BB2071691600949948 /* Utils.swift */,
				A89450BF20716BA400949948 /* Date+.swift */,
			);
			path = Utilities;
			sourceTree = "<group>";
		};
		A8B0725F2069EC320084546D /* Resources */ = {
			isa = PBXGroup;
			children = (
				A8B072602069ECD70084546D /* SUNN.otf */,
				A8B072622069ECF00084546D /* PaneuropaNeueRegular.otf */,
			);
			path = Resources;
			sourceTree = "<group>";
		};
/* End PBXGroup section */

/* Begin PBXNativeTarget section */
		A8B072462069EB910084546D /* TrailTracker */ = {
			isa = PBXNativeTarget;
			buildConfigurationList = A8B072592069EB910084546D /* Build configuration list for PBXNativeTarget "TrailTracker" */;
			buildPhases = (
				E62265DBDB67E339DD561B28 /* [CP] Check Pods Manifest.lock */,
				A8B072432069EB910084546D /* Sources */,
				A8B072442069EB910084546D /* Frameworks */,
				A8B072452069EB910084546D /* Resources */,
				F9038C2447B3733D17A7BFE6 /* [CP] Embed Pods Frameworks */,
				F909DEA7954C490E00405AE7 /* [CP] Copy Pods Resources */,
			);
			buildRules = (
			);
			dependencies = (
			);
			name = TrailTracker;
			productName = TrailTracker;
			productReference = A8B072472069EB910084546D /* TrailTracker.app */;
			productType = "com.apple.product-type.application";
		};
/* End PBXNativeTarget section */

/* Begin PBXProject section */
		A8B0723F2069EB910084546D /* Project object */ = {
			isa = PBXProject;
			attributes = {
				LastSwiftUpdateCheck = 0920;
				LastUpgradeCheck = 0920;
				ORGANIZATIONNAME = Camacho;
				TargetAttributes = {
					A8B072462069EB910084546D = {
						CreatedOnToolsVersion = 9.2;
						ProvisioningStyle = Automatic;
					};
				};
			};
			buildConfigurationList = A8B072422069EB910084546D /* Build configuration list for PBXProject "TrailTracker" */;
			compatibilityVersion = "Xcode 8.0";
			developmentRegion = en;
			hasScannedForEncodings = 0;
			knownRegions = (
				en,
				Base,
			);
			mainGroup = A8B0723E2069EB910084546D;
			productRefGroup = A8B072482069EB910084546D /* Products */;
			projectDirPath = "";
			projectRoot = "";
			targets = (
				A8B072462069EB910084546D /* TrailTracker */,
			);
		};
/* End PBXProject section */

/* Begin PBXResourcesBuildPhase section */
		A8B072452069EB910084546D /* Resources */ = {
			isa = PBXResourcesBuildPhase;
			buildActionMask = 2147483647;
			files = (
				A8B072632069ECF00084546D /* PaneuropaNeueRegular.otf in Resources */,
				A8B072552069EB910084546D /* LaunchScreen.storyboard in Resources */,
				A8B072522069EB910084546D /* Assets.xcassets in Resources */,
				A8B072502069EB910084546D /* Main.storyboard in Resources */,
				A8B072612069ECD70084546D /* SUNN.otf in Resources */,
				345F9BCE206C3EDC0003A725 /* GoogleService-Info.plist in Resources */,
			);
			runOnlyForDeploymentPostprocessing = 0;
		};
/* End PBXResourcesBuildPhase section */

/* Begin PBXShellScriptBuildPhase section */
		E62265DBDB67E339DD561B28 /* [CP] Check Pods Manifest.lock */ = {
			isa = PBXShellScriptBuildPhase;
			buildActionMask = 2147483647;
			files = (
			);
			inputPaths = (
				"${PODS_PODFILE_DIR_PATH}/Podfile.lock",
				"${PODS_ROOT}/Manifest.lock",
			);
			name = "[CP] Check Pods Manifest.lock";
			outputPaths = (
				"$(DERIVED_FILE_DIR)/Pods-TrailTracker-checkManifestLockResult.txt",
			);
			runOnlyForDeploymentPostprocessing = 0;
			shellPath = /bin/sh;
			shellScript = "diff \"${PODS_PODFILE_DIR_PATH}/Podfile.lock\" \"${PODS_ROOT}/Manifest.lock\" > /dev/null\nif [ $? != 0 ] ; then\n    # print error to STDERR\n    echo \"error: The sandbox is not in sync with the Podfile.lock. Run 'pod install' or update your CocoaPods installation.\" >&2\n    exit 1\nfi\n# This output is used by Xcode 'outputs' to avoid re-running this script phase.\necho \"SUCCESS\" > \"${SCRIPT_OUTPUT_FILE_0}\"\n";
			showEnvVarsInLog = 0;
		};
		F9038C2447B3733D17A7BFE6 /* [CP] Embed Pods Frameworks */ = {
			isa = PBXShellScriptBuildPhase;
			buildActionMask = 2147483647;
			files = (
			);
			inputPaths = (
				"${SRCROOT}/Pods/Target Support Files/Pods-TrailTracker/Pods-TrailTracker-frameworks.sh",
				"${BUILT_PRODUCTS_DIR}/GoogleToolboxForMac/GoogleToolboxForMac.framework",
				"${BUILT_PRODUCTS_DIR}/nanopb/nanopb.framework",
			);
			name = "[CP] Embed Pods Frameworks";
			outputPaths = (
				"${TARGET_BUILD_DIR}/${FRAMEWORKS_FOLDER_PATH}/GoogleToolboxForMac.framework",
				"${TARGET_BUILD_DIR}/${FRAMEWORKS_FOLDER_PATH}/nanopb.framework",
			);
			runOnlyForDeploymentPostprocessing = 0;
			shellPath = /bin/sh;
			shellScript = "\"${SRCROOT}/Pods/Target Support Files/Pods-TrailTracker/Pods-TrailTracker-frameworks.sh\"\n";
			showEnvVarsInLog = 0;
		};
		F909DEA7954C490E00405AE7 /* [CP] Copy Pods Resources */ = {
			isa = PBXShellScriptBuildPhase;
			buildActionMask = 2147483647;
			files = (
			);
			inputPaths = (
			);
			name = "[CP] Copy Pods Resources";
			outputPaths = (
			);
			runOnlyForDeploymentPostprocessing = 0;
			shellPath = /bin/sh;
			shellScript = "\"${SRCROOT}/Pods/Target Support Files/Pods-TrailTracker/Pods-TrailTracker-resources.sh\"\n";
			showEnvVarsInLog = 0;
		};
/* End PBXShellScriptBuildPhase section */

/* Begin PBXSourcesBuildPhase section */
		A8B072432069EB910084546D /* Sources */ = {
			isa = PBXSourcesBuildPhase;
			buildActionMask = 2147483647;
			files = (
				A89450BE2071698800949948 /* Trip.swift in Sources */,
				A8B0724D2069EB910084546D /* MainController.swift in Sources */,
				A89450BA2071684800949948 /* Member.swift in Sources */,
				A89450C020716BA400949948 /* Date+.swift in Sources */,
				A8B0724B2069EB910084546D /* AppDelegate.swift in Sources */,
				A89450BC2071691600949948 /* Utils.swift in Sources */,
			);
			runOnlyForDeploymentPostprocessing = 0;
		};
/* End PBXSourcesBuildPhase section */

/* Begin PBXVariantGroup section */
		A8B0724E2069EB910084546D /* Main.storyboard */ = {
			isa = PBXVariantGroup;
			children = (
				A8B0724F2069EB910084546D /* Base */,
			);
			name = Main.storyboard;
			sourceTree = "<group>";
		};
		A8B072532069EB910084546D /* LaunchScreen.storyboard */ = {
			isa = PBXVariantGroup;
			children = (
				A8B072542069EB910084546D /* Base */,
			);
			name = LaunchScreen.storyboard;
			sourceTree = "<group>";
		};
/* End PBXVariantGroup section */

/* Begin XCBuildConfiguration section */
		A8B072572069EB910084546D /* Debug */ = {
			isa = XCBuildConfiguration;
			buildSettings = {
				ALWAYS_SEARCH_USER_PATHS = NO;
				CLANG_ANALYZER_NONNULL = YES;
				CLANG_ANALYZER_NUMBER_OBJECT_CONVERSION = YES_AGGRESSIVE;
				CLANG_CXX_LANGUAGE_STANDARD = "gnu++14";
				CLANG_CXX_LIBRARY = "libc++";
				CLANG_ENABLE_MODULES = YES;
				CLANG_ENABLE_OBJC_ARC = YES;
				CLANG_WARN_BLOCK_CAPTURE_AUTORELEASING = YES;
				CLANG_WARN_BOOL_CONVERSION = YES;
				CLANG_WARN_COMMA = YES;
				CLANG_WARN_CONSTANT_CONVERSION = YES;
				CLANG_WARN_DIRECT_OBJC_ISA_USAGE = YES_ERROR;
				CLANG_WARN_DOCUMENTATION_COMMENTS = YES;
				CLANG_WARN_EMPTY_BODY = YES;
				CLANG_WARN_ENUM_CONVERSION = YES;
				CLANG_WARN_INFINITE_RECURSION = YES;
				CLANG_WARN_INT_CONVERSION = YES;
				CLANG_WARN_NON_LITERAL_NULL_CONVERSION = YES;
				CLANG_WARN_OBJC_LITERAL_CONVERSION = YES;
				CLANG_WARN_OBJC_ROOT_CLASS = YES_ERROR;
				CLANG_WARN_RANGE_LOOP_ANALYSIS = YES;
				CLANG_WARN_STRICT_PROTOTYPES = YES;
				CLANG_WARN_SUSPICIOUS_MOVE = YES;
				CLANG_WARN_UNGUARDED_AVAILABILITY = YES_AGGRESSIVE;
				CLANG_WARN_UNREACHABLE_CODE = YES;
				CLANG_WARN__DUPLICATE_METHOD_MATCH = YES;
				CODE_SIGN_IDENTITY = "iPhone Developer";
				COPY_PHASE_STRIP = NO;
				DEBUG_INFORMATION_FORMAT = dwarf;
				ENABLE_STRICT_OBJC_MSGSEND = YES;
				ENABLE_TESTABILITY = YES;
				GCC_C_LANGUAGE_STANDARD = gnu11;
				GCC_DYNAMIC_NO_PIC = NO;
				GCC_NO_COMMON_BLOCKS = YES;
				GCC_OPTIMIZATION_LEVEL = 0;
				GCC_PREPROCESSOR_DEFINITIONS = (
					"DEBUG=1",
					"$(inherited)",
				);
				GCC_WARN_64_TO_32_BIT_CONVERSION = YES;
				GCC_WARN_ABOUT_RETURN_TYPE = YES_ERROR;
				GCC_WARN_UNDECLARED_SELECTOR = YES;
				GCC_WARN_UNINITIALIZED_AUTOS = YES_AGGRESSIVE;
				GCC_WARN_UNUSED_FUNCTION = YES;
				GCC_WARN_UNUSED_VARIABLE = YES;
				IPHONEOS_DEPLOYMENT_TARGET = 11.2;
				MTL_ENABLE_DEBUG_INFO = YES;
				ONLY_ACTIVE_ARCH = YES;
				SDKROOT = iphoneos;
				SWIFT_ACTIVE_COMPILATION_CONDITIONS = DEBUG;
				SWIFT_OPTIMIZATION_LEVEL = "-Onone";
			};
			name = Debug;
		};
		A8B072582069EB910084546D /* Release */ = {
			isa = XCBuildConfiguration;
			buildSettings = {
				ALWAYS_SEARCH_USER_PATHS = NO;
				CLANG_ANALYZER_NONNULL = YES;
				CLANG_ANALYZER_NUMBER_OBJECT_CONVERSION = YES_AGGRESSIVE;
				CLANG_CXX_LANGUAGE_STANDARD = "gnu++14";
				CLANG_CXX_LIBRARY = "libc++";
				CLANG_ENABLE_MODULES = YES;
				CLANG_ENABLE_OBJC_ARC = YES;
				CLANG_WARN_BLOCK_CAPTURE_AUTORELEASING = YES;
				CLANG_WARN_BOOL_CONVERSION = YES;
				CLANG_WARN_COMMA = YES;
				CLANG_WARN_CONSTANT_CONVERSION = YES;
				CLANG_WARN_DIRECT_OBJC_ISA_USAGE = YES_ERROR;
				CLANG_WARN_DOCUMENTATION_COMMENTS = YES;
				CLANG_WARN_EMPTY_BODY = YES;
				CLANG_WARN_ENUM_CONVERSION = YES;
				CLANG_WARN_INFINITE_RECURSION = YES;
				CLANG_WARN_INT_CONVERSION = YES;
				CLANG_WARN_NON_LITERAL_NULL_CONVERSION = YES;
				CLANG_WARN_OBJC_LITERAL_CONVERSION = YES;
				CLANG_WARN_OBJC_ROOT_CLASS = YES_ERROR;
				CLANG_WARN_RANGE_LOOP_ANALYSIS = YES;
				CLANG_WARN_STRICT_PROTOTYPES = YES;
				CLANG_WARN_SUSPICIOUS_MOVE = YES;
				CLANG_WARN_UNGUARDED_AVAILABILITY = YES_AGGRESSIVE;
				CLANG_WARN_UNREACHABLE_CODE = YES;
				CLANG_WARN__DUPLICATE_METHOD_MATCH = YES;
				CODE_SIGN_IDENTITY = "iPhone Developer";
				COPY_PHASE_STRIP = NO;
				DEBUG_INFORMATION_FORMAT = "dwarf-with-dsym";
				ENABLE_NS_ASSERTIONS = NO;
				ENABLE_STRICT_OBJC_MSGSEND = YES;
				GCC_C_LANGUAGE_STANDARD = gnu11;
				GCC_NO_COMMON_BLOCKS = YES;
				GCC_WARN_64_TO_32_BIT_CONVERSION = YES;
				GCC_WARN_ABOUT_RETURN_TYPE = YES_ERROR;
				GCC_WARN_UNDECLARED_SELECTOR = YES;
				GCC_WARN_UNINITIALIZED_AUTOS = YES_AGGRESSIVE;
				GCC_WARN_UNUSED_FUNCTION = YES;
				GCC_WARN_UNUSED_VARIABLE = YES;
				IPHONEOS_DEPLOYMENT_TARGET = 11.2;
				MTL_ENABLE_DEBUG_INFO = NO;
				SDKROOT = iphoneos;
				SWIFT_OPTIMIZATION_LEVEL = "-Owholemodule";
				VALIDATE_PRODUCT = YES;
			};
			name = Release;
		};
		A8B0725A2069EB910084546D /* Debug */ = {
			isa = XCBuildConfiguration;
			baseConfigurationReference = F4194C9F05F65DF62F820500 /* Pods-TrailTracker.debug.xcconfig */;
			buildSettings = {
				ASSETCATALOG_COMPILER_APPICON_NAME = AppIcon;
				CODE_SIGN_STYLE = Automatic;
				INFOPLIST_FILE = TrailTracker/Info.plist;
				IPHONEOS_DEPLOYMENT_TARGET = 11.0;
				LD_RUNPATH_SEARCH_PATHS = "$(inherited) @executable_path/Frameworks";
				PRODUCT_BUNDLE_IDENTIFIER = com.Camacho.TrailTracker;
				PRODUCT_NAME = "$(TARGET_NAME)";
				SWIFT_VERSION = 4.0;
				TARGETED_DEVICE_FAMILY = "1,2";
			};
			name = Debug;
		};
		A8B0725B2069EB910084546D /* Release */ = {
			isa = XCBuildConfiguration;
			baseConfigurationReference = 45E07772B75B0DB72E6D0D6E /* Pods-TrailTracker.release.xcconfig */;
			buildSettings = {
				ASSETCATALOG_COMPILER_APPICON_NAME = AppIcon;
				CODE_SIGN_STYLE = Automatic;
				INFOPLIST_FILE = TrailTracker/Info.plist;
				IPHONEOS_DEPLOYMENT_TARGET = 11.0;
				LD_RUNPATH_SEARCH_PATHS = "$(inherited) @executable_path/Frameworks";
				PRODUCT_BUNDLE_IDENTIFIER = com.Camacho.TrailTracker;
				PRODUCT_NAME = "$(TARGET_NAME)";
				SWIFT_VERSION = 4.0;
				TARGETED_DEVICE_FAMILY = "1,2";
			};
			name = Release;
		};
/* End XCBuildConfiguration section */

/* Begin XCConfigurationList section */
		A8B072422069EB910084546D /* Build configuration list for PBXProject "TrailTracker" */ = {
			isa = XCConfigurationList;
			buildConfigurations = (
				A8B072572069EB910084546D /* Debug */,
				A8B072582069EB910084546D /* Release */,
			);
			defaultConfigurationIsVisible = 0;
			defaultConfigurationName = Release;
		};
		A8B072592069EB910084546D /* Build configuration list for PBXNativeTarget "TrailTracker" */ = {
			isa = XCConfigurationList;
			buildConfigurations = (
				A8B0725A2069EB910084546D /* Debug */,
				A8B0725B2069EB910084546D /* Release */,
			);
			defaultConfigurationIsVisible = 0;
			defaultConfigurationName = Release;
		};
/* End XCConfigurationList section */
	};
	rootObject = A8B0723F2069EB910084546D /* Project object */;
}
